
Microsoft Visual Studio Solution File, Format Version 12.00
# Visual Studio Version 16
VisualStudioVersion = 16.0.810.6
MinimumVisualStudioVersion = 10.0.40219.1
Project("{FAE04EC0-301F-11D3-BF4B-00C04F79EFBC}") = "KayneAndRon", "KayneAndRon\KayneAndRon.csproj", "{FD8A38D4-C974-46CB-B21E-CEC6B7A33A91}"
EndProject
Global
	GlobalSection(SolutionConfigurationPlatforms) = preSolution
		Debug|Any CPU = Debug|Any CPU
		Release|Any CPU = Release|Any CPU
	EndGlobalSection
	GlobalSection(ProjectConfigurationPlatforms) = postSolution
		{FD8A38D4-C974-46CB-B21E-CEC6B7A33A91}.Debug|Any CPU.ActiveCfg = Debug|Any CPU
		{FD8A38D4-C974-46CB-B21E-CEC6B7A33A91}.Debug|Any CPU.Build.0 = Debug|Any CPU
		{FD8A38D4-C974-46CB-B21E-CEC6B7A33A91}.Release|Any CPU.ActiveCfg = Release|Any CPU
		{FD8A38D4-C974-46CB-B21E-CEC6B7A33A91}.Release|Any CPU.Build.0 = Release|Any CPU
	EndGlobalSection
	GlobalSection(SolutionProperties) = preSolution
		HideSolutionNode = FALSE
	EndGlobalSection
	GlobalSection(ExtensibilityGlobals) = postSolution
		SolutionGuid = {66797ED5-63C4-47C4-AD2B-3B00B8DFD4C7}
	EndGlobalSection
EndGlobal
